github.com/blang/semver v3.5.1+incompatible h1:cQNTCjp13qL8KC3Nbxr/y2Bqb63oX6wdnnjpJbkM4JQ=
github.com/blang/semver v3.5.1+incompatible/go.mod h1:kRBLl5iJ+tD4TcOOxsy/0fnwebNt5EWlYSAyrTnjyyk=
github.com/tebeka/selenium v0.9.3 h1:VhduicmEfSggPSsMAxKXKVQxunJWzSqT86RrQTcvT/I=
github.com/tebeka/selenium v0.9.3/go.mod h1:eIMjt8y9rypiIrlx7TAlwwjiL8pr0uqZYQHUxhA2NNE=
github.com/tebeka/selenium v0.9.4-0.20181011202039-edf31bb7fd71 h1:GYfP3lFaIaBdXxn7Ygzyo7FByq9Of3/Zk9VHSKe/Hso=
github.com/tebeka/selenium v0.9.4-0.20181011202039-edf31bb7fd71/go.mod h1:eIMjt8y9rypiIrlx7TAlwwjiL8pr0uqZYQHUxhA2NNE=
